
Microsoft Visual Studio Solution File, Format Version 12.00
# Visual Studio Version 16
VisualStudioVersion = 16.0.32228.343
MinimumVisualStudioVersion = 10.0.40219.1
Project("{FAE04EC0-301F-11D3-BF4B-00C04F79EFBC}") = "StudentCodeFirst1", "StudentCodeFirst1\StudentCodeFirst1.csproj", "{8781415C-A529-48D2-88CA-39A3993F5661}"
EndProject
Global
	GlobalSection(SolutionConfigurationPlatforms) = preSolution
		Debug|Any CPU = Debug|Any CPU
		Release|Any CPU = Release|Any CPU
	EndGlobalSection
	GlobalSection(ProjectConfigurationPlatforms) = postSolution
		{8781415C-A529-48D2-88CA-39A3993F5661}.Debug|Any CPU.ActiveCfg = Debug|Any CPU
		{8781415C-A529-48D2-88CA-39A3993F5661}.Debug|Any CPU.Build.0 = Debug|Any CPU
		{8781415C-A529-48D2-88CA-39A3993F5661}.Release|Any CPU.ActiveCfg = Release|Any CPU
		{8781415C-A529-48D2-88CA-39A3993F5661}.Release|Any CPU.Build.0 = Release|Any CPU
	EndGlobalSection
	GlobalSection(SolutionProperties) = preSolution
		HideSolutionNode = FALSE
	EndGlobalSection
	GlobalSection(ExtensibilityGlobals) = postSolution
		SolutionGuid = {EA420B2F-E6A8-4878-A8DF-AB46A6522625}
	EndGlobalSection
EndGlobal
