
Microsoft Visual Studio Solution File, Format Version 12.00
# Visual Studio Version 16
VisualStudioVersion = 16.0.32228.343
MinimumVisualStudioVersion = 10.0.40219.1
Project("{FAE04EC0-301F-11D3-BF4B-00C04F79EFBC}") = "CarInsurance3", "CarInsurance3\CarInsurance3.csproj", "{107A743F-E84F-4C1F-8104-544787014E40}"
EndProject
Global
	GlobalSection(SolutionConfigurationPlatforms) = preSolution
		Debug|Any CPU = Debug|Any CPU
		Release|Any CPU = Release|Any CPU
	EndGlobalSection
	GlobalSection(ProjectConfigurationPlatforms) = postSolution
		{107A743F-E84F-4C1F-8104-544787014E40}.Debug|Any CPU.ActiveCfg = Debug|Any CPU
		{107A743F-E84F-4C1F-8104-544787014E40}.Debug|Any CPU.Build.0 = Debug|Any CPU
		{107A743F-E84F-4C1F-8104-544787014E40}.Release|Any CPU.ActiveCfg = Release|Any CPU
		{107A743F-E84F-4C1F-8104-544787014E40}.Release|Any CPU.Build.0 = Release|Any CPU
	EndGlobalSection
	GlobalSection(SolutionProperties) = preSolution
		HideSolutionNode = FALSE
	EndGlobalSection
	GlobalSection(ExtensibilityGlobals) = postSolution
		SolutionGuid = {282937EB-EAD1-40F5-8938-CA3D66C9CB29}
	EndGlobalSection
EndGlobal
