
Microsoft Visual Studio Solution File, Format Version 12.00
# Visual Studio Version 16
VisualStudioVersion = 16.0.32228.343
MinimumVisualStudioVersion = 10.0.40219.1
Project("{FAE04EC0-301F-11D3-BF4B-00C04F79EFBC}") = "AdditionalFeaturesAssignment", "AdditionalFeaturesAssignment\AdditionalFeaturesAssignment.csproj", "{212C66BE-799A-4751-99BA-5904FB28FDC5}"
EndProject
Global
	GlobalSection(SolutionConfigurationPlatforms) = preSolution
		Debug|Any CPU = Debug|Any CPU
		Release|Any CPU = Release|Any CPU
	EndGlobalSection
	GlobalSection(ProjectConfigurationPlatforms) = postSolution
		{212C66BE-799A-4751-99BA-5904FB28FDC5}.Debug|Any CPU.ActiveCfg = Debug|Any CPU
		{212C66BE-799A-4751-99BA-5904FB28FDC5}.Debug|Any CPU.Build.0 = Debug|Any CPU
		{212C66BE-799A-4751-99BA-5904FB28FDC5}.Release|Any CPU.ActiveCfg = Release|Any CPU
		{212C66BE-799A-4751-99BA-5904FB28FDC5}.Release|Any CPU.Build.0 = Release|Any CPU
	EndGlobalSection
	GlobalSection(SolutionProperties) = preSolution
		HideSolutionNode = FALSE
	EndGlobalSection
	GlobalSection(ExtensibilityGlobals) = postSolution
		SolutionGuid = {CE7912E7-D584-44F8-8073-3DA622247207}
	EndGlobalSection
EndGlobal
