
Microsoft Visual Studio Solution File, Format Version 12.00
# Visual Studio Version 16
VisualStudioVersion = 16.0.32228.343
MinimumVisualStudioVersion = 10.0.40219.1
Project("{FAE04EC0-301F-11D3-BF4B-00C04F79EFBC}") = "ClassesAndMethodsAssignment3", "ClassesAndMethodsAssignment3\ClassesAndMethodsAssignment3.csproj", "{AAE86E1D-0109-484E-8924-AF01ABAB3973}"
EndProject
Global
	GlobalSection(SolutionConfigurationPlatforms) = preSolution
		Debug|Any CPU = Debug|Any CPU
		Release|Any CPU = Release|Any CPU
	EndGlobalSection
	GlobalSection(ProjectConfigurationPlatforms) = postSolution
		{AAE86E1D-0109-484E-8924-AF01ABAB3973}.Debug|Any CPU.ActiveCfg = Debug|Any CPU
		{AAE86E1D-0109-484E-8924-AF01ABAB3973}.Debug|Any CPU.Build.0 = Debug|Any CPU
		{AAE86E1D-0109-484E-8924-AF01ABAB3973}.Release|Any CPU.ActiveCfg = Release|Any CPU
		{AAE86E1D-0109-484E-8924-AF01ABAB3973}.Release|Any CPU.Build.0 = Release|Any CPU
	EndGlobalSection
	GlobalSection(SolutionProperties) = preSolution
		HideSolutionNode = FALSE
	EndGlobalSection
	GlobalSection(ExtensibilityGlobals) = postSolution
		SolutionGuid = {5395D2A1-F78A-456C-912D-E150893D00F5}
	EndGlobalSection
EndGlobal
