
Microsoft Visual Studio Solution File, Format Version 12.00
# Visual Studio Version 16
VisualStudioVersion = 16.0.32228.343
MinimumVisualStudioVersion = 10.0.40219.1
Project("{FAE04EC0-301F-11D3-BF4B-00C04F79EFBC}") = "ClassesAndMethodsAssignment1", "ClassesAndMethodsAssignment1\ClassesAndMethodsAssignment1.csproj", "{408FD01E-4811-4877-8681-FE80835326F0}"
EndProject
Global
	GlobalSection(SolutionConfigurationPlatforms) = preSolution
		Debug|Any CPU = Debug|Any CPU
		Release|Any CPU = Release|Any CPU
	EndGlobalSection
	GlobalSection(ProjectConfigurationPlatforms) = postSolution
		{408FD01E-4811-4877-8681-FE80835326F0}.Debug|Any CPU.ActiveCfg = Debug|Any CPU
		{408FD01E-4811-4877-8681-FE80835326F0}.Debug|Any CPU.Build.0 = Debug|Any CPU
		{408FD01E-4811-4877-8681-FE80835326F0}.Release|Any CPU.ActiveCfg = Release|Any CPU
		{408FD01E-4811-4877-8681-FE80835326F0}.Release|Any CPU.Build.0 = Release|Any CPU
	EndGlobalSection
	GlobalSection(SolutionProperties) = preSolution
		HideSolutionNode = FALSE
	EndGlobalSection
	GlobalSection(ExtensibilityGlobals) = postSolution
		SolutionGuid = {27239682-AA2B-4685-8664-97B90D851FC1}
	EndGlobalSection
EndGlobal
